// !$*UTF8*$!
{
	archiveVersion = 1;
	classes = {
	};
	objectVersion = 56;
	objects = {

/* Begin PBXBuildFile section */
		BD63007E2BD48F140071F8BD /* About_Me_App_2024_KWKApp.swift in Sources */ = {isa = PBXBuildFile; fileRef = BD63007D2BD48F140071F8BD /* About_Me_App_2024_KWKApp.swift */; };
		BD6300802BD48F140071F8BD /* ContentView.swift in Sources */ = {isa = PBXBuildFile; fileRef = BD63007F2BD48F140071F8BD /* ContentView.swift */; };
		BD6300822BD48F150071F8BD /* Assets.xcassets in Resources */ = {isa = PBXBuildFile; fileRef = BD6300812BD48F150071F8BD /* Assets.xcassets */; };
		BD6300852BD48F150071F8BD /* Preview Assets.xcassets in Resources */ = {isa = PBXBuildFile; fileRef = BD6300842BD48F150071F8BD /* Preview Assets.xcassets */; };
		BD63008F2BD48F150071F8BD /* About_Me_App_2024_KWKTests.swift in Sources */ = {isa = PBXBuildFile; fileRef = BD63008E2BD48F150071F8BD /* About_Me_App_2024_KWKTests.swift */; };
		BD6300992BD48F150071F8BD /* About_Me_App_2024_KWKUITests.swift in Sources */ = {isa = PBXBuildFile; fileRef = BD6300982BD48F150071F8BD /* About_Me_App_2024_KWKUITests.swift */; };
		BD63009B2BD48F150071F8BD /* About_Me_App_2024_KWKUITestsLaunchTests.swift in Sources */ = {isa = PBXBuildFile; fileRef = BD63009A2BD48F150071F8BD /* About_Me_App_2024_KWKUITestsLaunchTests.swift */; };
/* End PBXBuildFile section */

/* Begin PBXContainerItemProxy section */
		BD63008B2BD48F150071F8BD /* PBXContainerItemProxy */ = {
			isa = PBXContainerItemProxy;
			containerPortal = BD6300722BD48F140071F8BD /* Project object */;
			proxyType = 1;
			remoteGlobalIDString = BD6300792BD48F140071F8BD;
			remoteInfo = "About Me App-2024 KWK";
		};
		BD6300952BD48F150071F8BD /* PBXContainerItemProxy */ = {
			isa = PBXContainerItemProxy;
			containerPortal = BD6300722BD48F140071F8BD /* Project object */;
			proxyType = 1;
			remoteGlobalIDString = BD6300792BD48F140071F8BD;
			remoteInfo = "About Me App-2024 KWK";
		};
/* End PBXContainerItemProxy section */

/* Begin PBXFileReference section */
		BD63007A2BD48F140071F8BD /* About Me App-2024 KWK.app */ = {isa = PBXFileReference; explicitFileType = wrapper.application; includeInIndex = 0; path = "About Me App-2024 KWK.app"; sourceTree = BUILT_PRODUCTS_DIR; };
		BD63007D2BD48F140071F8BD /* About_Me_App_2024_KWKApp.swift */ = {isa = PBXFileReference; lastKnownFileType = sourcecode.swift; path = About_Me_App_2024_KWKApp.swift; sourceTree = "<group>"; };
		BD63007F2BD48F140071F8BD /* ContentView.swift */ = {isa = PBXFileReference; lastKnownFileType = sourcecode.swift; path = ContentView.swift; sourceTree = "<group>"; };
		BD6300812BD48F150071F8BD /* Assets.xcassets */ = {isa = PBXFileReference; lastKnownFileType = folder.assetcatalog; path = Assets.xcassets; sourceTree = "<group>"; };
		BD6300842BD48F150071F8BD /* Preview Assets.xcassets */ = {isa = PBXFileReference; lastKnownFileType = folder.assetcatalog; path = "Preview Assets.xcassets"; sourceTree = "<group>"; };
		BD63008A2BD48F150071F8BD /* About Me App-2024 KWKTests.xctest */ = {isa = PBXFileReference; explicitFileType = wrapper.cfbundle; includeInIndex = 0; path = "About Me App-2024 KWKTests.xctest"; sourceTree = BUILT_PRODUCTS_DIR; };
		BD63008E2BD48F150071F8BD /* About_Me_App_2024_KWKTests.swift */ = {isa = PBXFileReference; lastKnownFileType = sourcecode.swift; path = About_Me_App_2024_KWKTests.swift; sourceTree = "<group>"; };
		BD6300942BD48F150071F8BD /* About Me App-2024 KWKUITests.xctest */ = {isa = PBXFileReference; explicitFileType = wrapper.cfbundle; includeInIndex = 0; path = "About Me App-2024 KWKUITests.xctest"; sourceTree = BUILT_PRODUCTS_DIR; };
		BD6300982BD48F150071F8BD /* About_Me_App_2024_KWKUITests.swift */ = {isa = PBXFileReference; lastKnownFileType = sourcecode.swift; path = About_Me_App_2024_KWKUITests.swift; sourceTree = "<group>"; };
		BD63009A2BD48F150071F8BD /* About_Me_App_2024_KWKUITestsLaunchTests.swift */ = {isa = PBXFileReference; lastKnownFileType = sourcecode.swift; path = About_Me_App_2024_KWKUITestsLaunchTests.swift; sourceTree = "<group>"; };
/* End PBXFileReference section */

/* Begin PBXFrameworksBuildPhase section */
		BD6300772BD48F140071F8BD /* Frameworks */ = {
			isa = PBXFrameworksBuildPhase;
			buildActionMask = 2147483647;
			files = (
			);
			runOnlyForDeploymentPostprocessing = 0;
		};
		BD6300872BD48F150071F8BD /* Frameworks */ = {
			isa = PBXFrameworksBuildPhase;
			buildActionMask = 2147483647;
			files = (
			);
			runOnlyForDeploymentPostprocessing = 0;
		};
		BD6300912BD48F150071F8BD /* Frameworks */ = {
			isa = PBXFrameworksBuildPhase;
			buildActionMask = 2147483647;
			files = (
			);
			runOnlyForDeploymentPostprocessing = 0;
		};
/* End PBXFrameworksBuildPhase section */

/* Begin PBXGroup section */
		BD6300712BD48F140071F8BD = {
			isa = PBXGroup;
			children = (
				BD63007C2BD48F140071F8BD /* About Me App-2024 KWK */,
				BD63008D2BD48F150071F8BD /* About Me App-2024 KWKTests */,
				BD6300972BD48F150071F8BD /* About Me App-2024 KWKUITests */,
				BD63007B2BD48F140071F8BD /* Products */,
			);
			sourceTree = "<group>";
		};
		BD63007B2BD48F140071F8BD /* Products */ = {
			isa = PBXGroup;
			children = (
				BD63007A2BD48F140071F8BD /* About Me App-2024 KWK.app */,
				BD63008A2BD48F150071F8BD /* About Me App-2024 KWKTests.xctest */,
				BD6300942BD48F150071F8BD /* About Me App-2024 KWKUITests.xctest */,
			);
			name = Products;
			sourceTree = "<group>";
		};
		BD63007C2BD48F140071F8BD /* About Me App-2024 KWK */ = {
			isa = PBXGroup;
			children = (
				BD63007D2BD48F140071F8BD /* About_Me_App_2024_KWKApp.swift */,
				BD63007F2BD48F140071F8BD /* ContentView.swift */,
				BD6300812BD48F150071F8BD /* Assets.xcassets */,
				BD6300832BD48F150071F8BD /* Preview Content */,
			);
			path = "About Me App-2024 KWK";
			sourceTree = "<group>";
		};
		BD6300832BD48F150071F8BD /* Preview Content */ = {
			isa = PBXGroup;
			children = (
				BD6300842BD48F150071F8BD /* Preview Assets.xcassets */,
			);
			path = "Preview Content";
			sourceTree = "<group>";
		};
		BD63008D2BD48F150071F8BD /* About Me App-2024 KWKTests */ = {
			isa = PBXGroup;
			children = (
				BD63008E2BD48F150071F8BD /* About_Me_App_2024_KWKTests.swift */,
			);
			path = "About Me App-2024 KWKTests";
			sourceTree = "<group>";
		};
		BD6300972BD48F150071F8BD /* About Me App-2024 KWKUITests */ = {
			isa = PBXGroup;
			children = (
				BD6300982BD48F150071F8BD /* About_Me_App_2024_KWKUITests.swift */,
				BD63009A2BD48F150071F8BD /* About_Me_App_2024_KWKUITestsLaunchTests.swift */,
			);
			path = "About Me App-2024 KWKUITests";
			sourceTree = "<group>";
		};
/* End PBXGroup section */

/* Begin PBXNativeTarget section */
		BD6300792BD48F140071F8BD /* About Me App-2024 KWK */ = {
			isa = PBXNativeTarget;
			buildConfigurationList = BD63009E2BD48F150071F8BD /* Build configuration list for PBXNativeTarget "About Me App-2024 KWK" */;
			buildPhases = (
				BD6300762BD48F140071F8BD /* Sources */,
				BD6300772BD48F140071F8BD /* Frameworks */,
				BD6300782BD48F140071F8BD /* Resources */,
			);
			buildRules = (
			);
			dependencies = (
			);
			name = "About Me App-2024 KWK";
			productName = "About Me App-2024 KWK";
			productReference = BD63007A2BD48F140071F8BD /* About Me App-2024 KWK.app */;
			productType = "com.apple.product-type.application";
		};
		BD6300892BD48F150071F8BD /* About Me App-2024 KWKTests */ = {
			isa = PBXNativeTarget;
			buildConfigurationList = BD6300A12BD48F150071F8BD /* Build configuration list for PBXNativeTarget "About Me App-2024 KWKTests" */;
			buildPhases = (
				BD6300862BD48F150071F8BD /* Sources */,
				BD6300872BD48F150071F8BD /* Frameworks */,
				BD6300882BD48F150071F8BD /* Resources */,
			);
			buildRules = (
			);
			dependencies = (
				BD63008C2BD48F150071F8BD /* PBXTargetDependency */,
			);
			name = "About Me App-2024 KWKTests";
			productName = "About Me App-2024 KWKTests";
			productReference = BD63008A2BD48F150071F8BD /* About Me App-2024 KWKTests.xctest */;
			productType = "com.apple.product-type.bundle.unit-test";
		};
		BD6300932BD48F150071F8BD /* About Me App-2024 KWKUITests */ = {
			isa = PBXNativeTarget;
			buildConfigurationList = BD6300A42BD48F150071F8BD /* Build configuration list for PBXNativeTarget "About Me App-2024 KWKUITests" */;
			buildPhases = (
				BD6300902BD48F150071F8BD /* Sources */,
				BD6300912BD48F150071F8BD /* Frameworks */,
				BD6300922BD48F150071F8BD /* Resources */,
			);
			buildRules = (
			);
			dependencies = (
				BD6300962BD48F150071F8BD /* PBXTargetDependency */,
			);
			name = "About Me App-2024 KWKUITests";
			productName = "About Me App-2024 KWKUITests";
			productReference = BD6300942BD48F150071F8BD /* About Me App-2024 KWKUITests.xctest */;
			productType = "com.apple.product-type.bundle.ui-testing";
		};
/* End PBXNativeTarget section */

/* Begin PBXProject section */
		BD6300722BD48F140071F8BD /* Project object */ = {
			isa = PBXProject;
			attributes = {
				BuildIndependentTargetsInParallel = 1;
				LastSwiftUpdateCheck = 1530;
				LastUpgradeCheck = 1530;
				TargetAttributes = {
					BD6300792BD48F140071F8BD = {
						CreatedOnToolsVersion = 15.3;
					};
					BD6300892BD48F150071F8BD = {
						CreatedOnToolsVersion = 15.3;
						TestTargetID = BD6300792BD48F140071F8BD;
					};
					BD6300932BD48F150071F8BD = {
						CreatedOnToolsVersion = 15.3;
						TestTargetID = BD6300792BD48F140071F8BD;
					};
				};
			};
			buildConfigurationList = BD6300752BD48F140071F8BD /* Build configuration list for PBXProject "About Me App-2024 KWK" */;
			compatibilityVersion = "Xcode 14.0";
			developmentRegion = en;
			hasScannedForEncodings = 0;
			knownRegions = (
				en,
				Base,
			);
			mainGroup = BD6300712BD48F140071F8BD;
			productRefGroup = BD63007B2BD48F140071F8BD /* Products */;
			projectDirPath = "";
			projectRoot = "";
			targets = (
				BD6300792BD48F140071F8BD /* About Me App-2024 KWK */,
				BD6300892BD48F150071F8BD /* About Me App-2024 KWKTests */,
				BD6300932BD48F150071F8BD /* About Me App-2024 KWKUITests */,
			);
		};
/* End PBXProject section */

/* Begin PBXResourcesBuildPhase section */
		BD6300782BD48F140071F8BD /* Resources */ = {
			isa = PBXResourcesBuildPhase;
			buildActionMask = 2147483647;
			files = (
				BD6300852BD48F150071F8BD /* Preview Assets.xcassets in Resources */,
				BD6300822BD48F150071F8BD /* Assets.xcassets in Resources */,
			);
			runOnlyForDeploymentPostprocessing = 0;
		};
		BD6300882BD48F150071F8BD /* Resources */ = {
			isa = PBXResourcesBuildPhase;
			buildActionMask = 2147483647;
			files = (
			);
			runOnlyForDeploymentPostprocessing = 0;
		};
		BD6300922BD48F150071F8BD /* Resources */ = {
			isa = PBXResourcesBuildPhase;
			buildActionMask = 2147483647;
			files = (
			);
			runOnlyForDeploymentPostprocessing = 0;
		};
/* End PBXResourcesBuildPhase section */

/* Begin PBXSourcesBuildPhase section */
		BD6300762BD48F140071F8BD /* Sources */ = {
			isa = PBXSourcesBuildPhase;
			buildActionMask = 2147483647;
			files = (
				BD6300802BD48F140071F8BD /* ContentView.swift in Sources */,
				BD63007E2BD48F140071F8BD /* About_Me_App_2024_KWKApp.swift in Sources */,
			);
			runOnlyForDeploymentPostprocessing = 0;
		};
		BD6300862BD48F150071F8BD /* Sources */ = {
			isa = PBXSourcesBuildPhase;
			buildActionMask = 2147483647;
			files = (
				BD63008F2BD48F150071F8BD /* About_Me_App_2024_KWKTests.swift in Sources */,
			);
			runOnlyForDeploymentPostprocessing = 0;
		};
		BD6300902BD48F150071F8BD /* Sources */ = {
			isa = PBXSourcesBuildPhase;
			buildActionMask = 2147483647;
			files = (
				BD63009B2BD48F150071F8BD /* About_Me_App_2024_KWKUITestsLaunchTests.swift in Sources */,
				BD6300992BD48F150071F8BD /* About_Me_App_2024_KWKUITests.swift in Sources */,
			);
			runOnlyForDeploymentPostprocessing = 0;
		};
/* End PBXSourcesBuildPhase section */

/* Begin PBXTargetDependency section */
		BD63008C2BD48F150071F8BD /* PBXTargetDependency */ = {
			isa = PBXTargetDependency;
			target = BD6300792BD48F140071F8BD /* About Me App-2024 KWK */;
			targetProxy = BD63008B2BD48F150071F8BD /* PBXContainerItemProxy */;
		};
		BD6300962BD48F150071F8BD /* PBXTargetDependency */ = {
			isa = PBXTargetDependency;
			target = BD6300792BD48F140071F8BD /* About Me App-2024 KWK */;
			targetProxy = BD6300952BD48F150071F8BD /* PBXContainerItemProxy */;
		};
/* End PBXTargetDependency section */

/* Begin XCBuildConfiguration section */
		BD63009C2BD48F150071F8BD /* Debug */ = {
			isa = XCBuildConfiguration;
			buildSettings = {
				ALWAYS_SEARCH_USER_PATHS = NO;
				ASSETCATALOG_COMPILER_GENERATE_SWIFT_ASSET_SYMBOL_EXTENSIONS = YES;
				CLANG_ANALYZER_NONNULL = YES;
				CLANG_ANALYZER_NUMBER_OBJECT_CONVERSION = YES_AGGRESSIVE;
				CLANG_CXX_LANGUAGE_STANDARD = "gnu++20";
				CLANG_ENABLE_MODULES = YES;
				CLANG_ENABLE_OBJC_ARC = YES;
				CLANG_ENABLE_OBJC_WEAK = YES;
				CLANG_WARN_BLOCK_CAPTURE_AUTORELEASING = YES;
				CLANG_WARN_BOOL_CONVERSION = YES;
				CLANG_WARN_COMMA = YES;
				CLANG_WARN_CONSTANT_CONVERSION = YES;
				CLANG_WARN_DEPRECATED_OBJC_IMPLEMENTATIONS = YES;
				CLANG_WARN_DIRECT_OBJC_ISA_USAGE = YES_ERROR;
				CLANG_WARN_DOCUMENTATION_COMMENTS = YES;
				CLANG_WARN_EMPTY_BODY = YES;
				CLANG_WARN_ENUM_CONVERSION = YES;
				CLANG_WARN_INFINITE_RECURSION = YES;
				CLANG_WARN_INT_CONVERSION = YES;
				CLANG_WARN_NON_LITERAL_NULL_CONVERSION = YES;
				CLANG_WARN_OBJC_IMPLICIT_RETAIN_SELF = YES;
				CLANG_WARN_OBJC_LITERAL_CONVERSION = YES;
				CLANG_WARN_OBJC_ROOT_CLASS = YES_ERROR;
				CLANG_WARN_QUOTED_INCLUDE_IN_FRAMEWORK_HEADER = YES;
				CLANG_WARN_RANGE_LOOP_ANALYSIS = YES;
				CLANG_WARN_STRICT_PROTOTYPES = YES;
				CLANG_WARN_SUSPICIOUS_MOVE = YES;
				CLANG_WARN_UNGUARDED_AVAILABILITY = YES_AGGRESSIVE;
				CLANG_WARN_UNREACHABLE_CODE = YES;
				CLANG_WARN__DUPLICATE_METHOD_MATCH = YES;
				COPY_PHASE_STRIP = NO;
				DEBUG_INFORMATION_FORMAT = dwarf;
				ENABLE_STRICT_OBJC_MSGSEND = YES;
				ENABLE_TESTABILITY = YES;
				ENABLE_USER_SCRIPT_SANDBOXING = YES;
				GCC_C_LANGUAGE_STANDARD = gnu17;
				GCC_DYNAMIC_NO_PIC = NO;
				GCC_NO_COMMON_BLOCKS = YES;
				GCC_OPTIMIZATION_LEVEL = 0;
				GCC_PREPROCESSOR_DEFINITIONS = (
					"DEBUG=1",
					"$(inherited)",
				);
				GCC_WARN_64_TO_32_BIT_CONVERSION = YES;
				GCC_WARN_ABOUT_RETURN_TYPE = YES_ERROR;
				GCC_WARN_UNDECLARED_SELECTOR = YES;
				GCC_WARN_UNINITIALIZED_AUTOS = YES_AGGRESSIVE;
				GCC_WARN_UNUSED_FUNCTION = YES;
				GCC_WARN_UNUSED_VARIABLE = YES;
				IPHONEOS_DEPLOYMENT_TARGET = 17.4;
				LOCALIZATION_PREFERS_STRING_CATALOGS = YES;
				MTL_ENABLE_DEBUG_INFO = INCLUDE_SOURCE;
				MTL_FAST_MATH = YES;
				ONLY_ACTIVE_ARCH = YES;
				SDKROOT = iphoneos;
				SWIFT_ACTIVE_COMPILATION_CONDITIONS = "DEBUG $(inherited)";
				SWIFT_OPTIMIZATION_LEVEL = "-Onone";
			};
			name = Debug;
		};
		BD63009D2BD48F150071F8BD /* Release */ = {
			isa = XCBuildConfiguration;
			buildSettings = {
				ALWAYS_SEARCH_USER_PATHS = NO;
				ASSETCATALOG_COMPILER_GENERATE_SWIFT_ASSET_SYMBOL_EXTENSIONS = YES;
				CLANG_ANALYZER_NONNULL = YES;
				CLANG_ANALYZER_NUMBER_OBJECT_CONVERSION = YES_AGGRESSIVE;
				CLANG_CXX_LANGUAGE_STANDARD = "gnu++20";
				CLANG_ENABLE_MODULES = YES;
				CLANG_ENABLE_OBJC_ARC = YES;
				CLANG_ENABLE_OBJC_WEAK = YES;
				CLANG_WARN_BLOCK_CAPTURE_AUTORELEASING = YES;
				CLANG_WARN_BOOL_CONVERSION = YES;
				CLANG_WARN_COMMA = YES;
				CLANG_WARN_CONSTANT_CONVERSION = YES;
				CLANG_WARN_DEPRECATED_OBJC_IMPLEMENTATIONS = YES;
				CLANG_WARN_DIRECT_OBJC_ISA_USAGE = YES_ERROR;
				CLANG_WARN_DOCUMENTATION_COMMENTS = YES;
				CLANG_WARN_EMPTY_BODY = YES;
				CLANG_WARN_ENUM_CONVERSION = YES;
				CLANG_WARN_INFINITE_RECURSION = YES;
				CLANG_WARN_INT_CONVERSION = YES;
				CLANG_WARN_NON_LITERAL_NULL_CONVERSION = YES;
				CLANG_WARN_OBJC_IMPLICIT_RETAIN_SELF = YES;
				CLANG_WARN_OBJC_LITERAL_CONVERSION = YES;
				CLANG_WARN_OBJC_ROOT_CLASS = YES_ERROR;
				CLANG_WARN_QUOTED_INCLUDE_IN_FRAMEWORK_HEADER = YES;
				CLANG_WARN_RANGE_LOOP_ANALYSIS = YES;
				CLANG_WARN_STRICT_PROTOTYPES = YES;
				CLANG_WARN_SUSPICIOUS_MOVE = YES;
				CLANG_WARN_UNGUARDED_AVAILABILITY = YES_AGGRESSIVE;
				CLANG_WARN_UNREACHABLE_CODE = YES;
				CLANG_WARN__DUPLICATE_METHOD_MATCH = YES;
				COPY_PHASE_STRIP = NO;
				DEBUG_INFORMATION_FORMAT = "dwarf-with-dsym";
				ENABLE_NS_ASSERTIONS = NO;
				ENABLE_STRICT_OBJC_MSGSEND = YES;
				ENABLE_USER_SCRIPT_SANDBOXING = YES;
				GCC_C_LANGUAGE_STANDARD = gnu17;
				GCC_NO_COMMON_BLOCKS = YES;
				GCC_WARN_64_TO_32_BIT_CONVERSION = YES;
				GCC_WARN_ABOUT_RETURN_TYPE = YES_ERROR;
				GCC_WARN_UNDECLARED_SELECTOR = YES;
				GCC_WARN_UNINITIALIZED_AUTOS = YES_AGGRESSIVE;
				GCC_WARN_UNUSED_FUNCTION = YES;
				GCC_WARN_UNUSED_VARIABLE = YES;
				IPHONEOS_DEPLOYMENT_TARGET = 17.4;
				LOCALIZATION_PREFERS_STRING_CATALOGS = YES;
				MTL_ENABLE_DEBUG_INFO = NO;
				MTL_FAST_MATH = YES;
				SDKROOT = iphoneos;
				SWIFT_COMPILATION_MODE = wholemodule;
				VALIDATE_PRODUCT = YES;
			};
			name = Release;
		};
		BD63009F2BD48F150071F8BD /* Debug */ = {
			isa = XCBuildConfiguration;
			buildSettings = {
				ASSETCATALOG_COMPILER_APPICON_NAME = AppIcon;
				ASSETCATALOG_COMPILER_GLOBAL_ACCENT_COLOR_NAME = AccentColor;
				CODE_SIGN_STYLE = Automatic;
				CURRENT_PROJECT_VERSION = 1;
				DEVELOPMENT_ASSET_PATHS = "\"About Me App-2024 KWK/Preview Content\"";
				ENABLE_PREVIEWS = YES;
				GENERATE_INFOPLIST_FILE = YES;
				INFOPLIST_KEY_UIApplicationSceneManifest_Generation = YES;
				INFOPLIST_KEY_UIApplicationSupportsIndirectInputEvents = YES;
				INFOPLIST_KEY_UILaunchScreen_Generation = YES;
				INFOPLIST_KEY_UISupportedInterfaceOrientations_iPad = "UIInterfaceOrientationPortrait UIInterfaceOrientationPortraitUpsideDown UIInterfaceOrientationLandscapeLeft UIInterfaceOrientationLandscapeRight";
				INFOPLIST_KEY_UISupportedInterfaceOrientations_iPhone = "UIInterfaceOrientationPortrait UIInterfaceOrientationLandscapeLeft UIInterfaceOrientationLandscapeRight";
				LD_RUNPATH_SEARCH_PATHS = (
					"$(inherited)",
					"@executable_path/Frameworks",
				);
				MARKETING_VERSION = 1.0;
				PRODUCT_BUNDLE_IDENTIFIER = "kwk.About-Me-App-2024-KWK";
				PRODUCT_NAME = "$(TARGET_NAME)";
				SWIFT_EMIT_LOC_STRINGS = YES;
				SWIFT_VERSION = 5.0;
				TARGETED_DEVICE_FAMILY = "1,2";
			};
			name = Debug;
		};
		BD6300A02BD48F150071F8BD /* Release */ = {
			isa = XCBuildConfiguration;
			buildSettings = {
				ASSETCATALOG_COMPILER_APPICON_NAME = AppIcon;
				ASSETCATALOG_COMPILER_GLOBAL_ACCENT_COLOR_NAME = AccentColor;
				CODE_SIGN_STYLE = Automatic;
				CURRENT_PROJECT_VERSION = 1;
				DEVELOPMENT_ASSET_PATHS = "\"About Me App-2024 KWK/Preview Content\"";
				ENABLE_PREVIEWS = YES;
				GENERATE_INFOPLIST_FILE = YES;
				INFOPLIST_KEY_UIApplicationSceneManifest_Generation = YES;
				INFOPLIST_KEY_UIApplicationSupportsIndirectInputEvents = YES;
				INFOPLIST_KEY_UILaunchScreen_Generation = YES;
				INFOPLIST_KEY_UISupportedInterfaceOrientations_iPad = "UIInterfaceOrientationPortrait UIInterfaceOrientationPortraitUpsideDown UIInterfaceOrientationLandscapeLeft UIInterfaceOrientationLandscapeRight";
				INFOPLIST_KEY_UISupportedInterfaceOrientations_iPhone = "UIInterfaceOrientationPortrait UIInterfaceOrientationLandscapeLeft UIInterfaceOrientationLandscapeRight";
				LD_RUNPATH_SEARCH_PATHS = (
					"$(inherited)",
					"@executable_path/Frameworks",
				);
				MARKETING_VERSION = 1.0;
				PRODUCT_BUNDLE_IDENTIFIER = "kwk.About-Me-App-2024-KWK";
				PRODUCT_NAME = "$(TARGET_NAME)";
				SWIFT_EMIT_LOC_STRINGS = YES;
				SWIFT_VERSION = 5.0;
				TARGETED_DEVICE_FAMILY = "1,2";
			};
			name = Release;
		};
		BD6300A22BD48F150071F8BD /* Debug */ = {
			isa = XCBuildConfiguration;
			buildSettings = {
				ALWAYS_EMBED_SWIFT_STANDARD_LIBRARIES = YES;
				BUNDLE_LOADER = "$(TEST_HOST)";
				CODE_SIGN_STYLE = Automatic;
				CURRENT_PROJECT_VERSION = 1;
				GENERATE_INFOPLIST_FILE = YES;
				IPHONEOS_DEPLOYMENT_TARGET = 17.4;
				MARKETING_VERSION = 1.0;
				PRODUCT_BUNDLE_IDENTIFIER = "kwk.About-Me-App-2024-KWKTests";
				PRODUCT_NAME = "$(TARGET_NAME)";
				SWIFT_EMIT_LOC_STRINGS = NO;
				SWIFT_VERSION = 5.0;
				TARGETED_DEVICE_FAMILY = "1,2";
				TEST_HOST = "$(BUILT_PRODUCTS_DIR)/About Me App-2024 KWK.app/$(BUNDLE_EXECUTABLE_FOLDER_PATH)/About Me App-2024 KWK";
			};
			name = Debug;
		};
		BD6300A32BD48F150071F8BD /* Release */ = {
			isa = XCBuildConfiguration;
			buildSettings = {
				ALWAYS_EMBED_SWIFT_STANDARD_LIBRARIES = YES;
				BUNDLE_LOADER = "$(TEST_HOST)";
				CODE_SIGN_STYLE = Automatic;
				CURRENT_PROJECT_VERSION = 1;
				GENERATE_INFOPLIST_FILE = YES;
				IPHONEOS_DEPLOYMENT_TARGET = 17.4;
				MARKETING_VERSION = 1.0;
				PRODUCT_BUNDLE_IDENTIFIER = "kwk.About-Me-App-2024-KWKTests";
				PRODUCT_NAME = "$(TARGET_NAME)";
				SWIFT_EMIT_LOC_STRINGS = NO;
				SWIFT_VERSION = 5.0;
				TARGETED_DEVICE_FAMILY = "1,2";
				TEST_HOST = "$(BUILT_PRODUCTS_DIR)/About Me App-2024 KWK.app/$(BUNDLE_EXECUTABLE_FOLDER_PATH)/About Me App-2024 KWK";
			};
			name = Release;
		};
		BD6300A52BD48F150071F8BD /* Debug */ = {
			isa = XCBuildConfiguration;
			buildSettings = {
				ALWAYS_EMBED_SWIFT_STANDARD_LIBRARIES = YES;
				CODE_SIGN_STYLE = Automatic;
				CURRENT_PROJECT_VERSION = 1;
				GENERATE_INFOPLIST_FILE = YES;
				MARKETING_VERSION = 1.0;
				PRODUCT_BUNDLE_IDENTIFIER = "kwk.About-Me-App-2024-KWKUITests";
				PRODUCT_NAME = "$(TARGET_NAME)";
				SWIFT_EMIT_LOC_STRINGS = NO;
				SWIFT_VERSION = 5.0;
				TARGETED_DEVICE_FAMILY = "1,2";
				TEST_TARGET_NAME = "About Me App-2024 KWK";
			};
			name = Debug;
		};
		BD6300A62BD48F150071F8BD /* Release */ = {
			isa = XCBuildConfiguration;
			buildSettings = {
				ALWAYS_EMBED_SWIFT_STANDARD_LIBRARIES = YES;
				CODE_SIGN_STYLE = Automatic;
				CURRENT_PROJECT_VERSION = 1;
				GENERATE_INFOPLIST_FILE = YES;
				MARKETING_VERSION = 1.0;
				PRODUCT_BUNDLE_IDENTIFIER = "kwk.About-Me-App-2024-KWKUITests";
				PRODUCT_NAME = "$(TARGET_NAME)";
				SWIFT_EMIT_LOC_STRINGS = NO;
				SWIFT_VERSION = 5.0;
				TARGETED_DEVICE_FAMILY = "1,2";
				TEST_TARGET_NAME = "About Me App-2024 KWK";
			};
			name = Release;
		};
/* End XCBuildConfiguration section */

/* Begin XCConfigurationList section */
		BD6300752BD48F140071F8BD /* Build configuration list for PBXProject "About Me App-2024 KWK" */ = {
			isa = XCConfigurationList;
			buildConfigurations = (
				BD63009C2BD48F150071F8BD /* Debug */,
				BD63009D2BD48F150071F8BD /* Release */,
			);
			defaultConfigurationIsVisible = 0;
			defaultConfigurationName = Release;
		};
		BD63009E2BD48F150071F8BD /* Build configuration list for PBXNativeTarget "About Me App-2024 KWK" */ = {
			isa = XCConfigurationList;
			buildConfigurations = (
				BD63009F2BD48F150071F8BD /* Debug */,
				BD6300A02BD48F150071F8BD /* Release */,
			);
			defaultConfigurationIsVisible = 0;
			defaultConfigurationName = Release;
		};
		BD6300A12BD48F150071F8BD /* Build configuration list for PBXNativeTarget "About Me App-2024 KWKTests" */ = {
			isa = XCConfigurationList;
			buildConfigurations = (
				BD6300A22BD48F150071F8BD /* Debug */,
				BD6300A32BD48F150071F8BD /* Release */,
			);
			defaultConfigurationIsVisible = 0;
			defaultConfigurationName = Release;
		};
		BD6300A42BD48F150071F8BD /* Build configuration list for PBXNativeTarget "About Me App-2024 KWKUITests" */ = {
			isa = XCConfigurationList;
			buildConfigurations = (
				BD6300A52BD48F150071F8BD /* Debug */,
				BD6300A62BD48F150071F8BD /* Release */,
			);
			defaultConfigurationIsVisible = 0;
			defaultConfigurationName = Release;
		};
/* End XCConfigurationList section */
	};
	rootObject = BD6300722BD48F140071F8BD /* Project object */;
}
